
Microsoft Visual Studio Solution File, Format Version 12.00
# Visual Studio Version 16
VisualStudioVersion = 16.0.31205.134
MinimumVisualStudioVersion = 10.0.40219.1
Project("{8BC9CEB8-8B4A-11D0-8D11-00A0C91BC942}") = "BinaryTreeFinal", "BinaryTreeFinal\BinaryTreeFinal.vcxproj", "{54E65E29-2125-4A73-AD1B-B687DE8C028F}"
EndProject
Global
	GlobalSection(SolutionConfigurationPlatforms) = preSolution
		Debug|x64 = Debug|x64
		Debug|x86 = Debug|x86
		Release|x64 = Release|x64
		Release|x86 = Release|x86
	EndGlobalSection
	GlobalSection(ProjectConfigurationPlatforms) = postSolution
		{54E65E29-2125-4A73-AD1B-B687DE8C028F}.Debug|x64.ActiveCfg = Debug|x64
		{54E65E29-2125-4A73-AD1B-B687DE8C028F}.Debug|x64.Build.0 = Debug|x64
		{54E65E29-2125-4A73-AD1B-B687DE8C028F}.Debug|x86.ActiveCfg = Debug|Win32
		{54E65E29-2125-4A73-AD1B-B687DE8C028F}.Debug|x86.Build.0 = Debug|Win32
		{54E65E29-2125-4A73-AD1B-B687DE8C028F}.Release|x64.ActiveCfg = Release|x64
		{54E65E29-2125-4A73-AD1B-B687DE8C028F}.Release|x64.Build.0 = Release|x64
		{54E65E29-2125-4A73-AD1B-B687DE8C028F}.Release|x86.ActiveCfg = Release|Win32
		{54E65E29-2125-4A73-AD1B-B687DE8C028F}.Release|x86.Build.0 = Release|Win32
	EndGlobalSection
	GlobalSection(SolutionProperties) = preSolution
		HideSolutionNode = FALSE
	EndGlobalSection
	GlobalSection(ExtensibilityGlobals) = postSolution
		SolutionGuid = {F812FE89-4C23-4388-AD66-F956F721B893}
	EndGlobalSection
EndGlobal
